[["version","2"]]
["","container.from",["docker.io/jafarisharib/pi-harness:latest","linux/arm64"],"sha256:e664dafb609fc991aa3efac32b61223201f76f89bd95a7f14d2471c7b4db6beb"]
["","git.ref",["https://github.com/dagger/dagger","refs/tags/v1.0.0-beta.10"],{"ref":"refs/tags/v1.0.0-beta.10","sha":"0e19eba6d38d7fd7e9781a1a3df5fc37208d252a"}]
["","git.ref",["https://github.com/dagger/java-sdk","HEAD"],{"ref":"refs/heads/main","sha":"8d0abd31391ad774c3370b5bf2289a59abb8d7e4"}]